
Microsoft Visual Studio Solution File, Format Version 12.00
# Visual Studio Version 16
VisualStudioVersion = 16.0.31402.337
MinimumVisualStudioVersion = 10.0.40219.1
Project("{FAE04EC0-301F-11D3-BF4B-00C04F79EFBC}") = "Lottary", "Lottary.csproj", "{6DF573E8-6DF6-4AA3-9B18-E41CE38552DB}"
EndProject
Global
	GlobalSection(SolutionConfigurationPlatforms) = preSolution
		Debug|Any CPU = Debug|Any CPU
		Release|Any CPU = Release|Any CPU
	EndGlobalSection
	GlobalSection(ProjectConfigurationPlatforms) = postSolution
		{6DF573E8-6DF6-4AA3-9B18-E41CE38552DB}.Debug|Any CPU.ActiveCfg = Debug|Any CPU
		{6DF573E8-6DF6-4AA3-9B18-E41CE38552DB}.Debug|Any CPU.Build.0 = Debug|Any CPU
		{6DF573E8-6DF6-4AA3-9B18-E41CE38552DB}.Release|Any CPU.ActiveCfg = Release|Any CPU
		{6DF573E8-6DF6-4AA3-9B18-E41CE38552DB}.Release|Any CPU.Build.0 = Release|Any CPU
	EndGlobalSection
	GlobalSection(SolutionProperties) = preSolution
		HideSolutionNode = FALSE
	EndGlobalSection
	GlobalSection(ExtensibilityGlobals) = postSolution
		SolutionGuid = {4F23B8F8-03A4-44ED-A338-D8AED11BE2EA}
	EndGlobalSection
EndGlobal
